
Microsoft Visual Studio Solution File, Format Version 12.00
# Visual Studio Version 17
VisualStudioVersion = 17.5.33424.131
MinimumVisualStudioVersion = 10.0.40219.1
Project("{9A19103F-16F7-4668-BE54-9A1E7A4F7556}") = "PopupActionEF.Module", "PopupActionEF.Module\PopupActionEF.Module.csproj", "{D6F40324-9E88-40D3-BE5D-FA4F64D03891}"
EndProject
Project("{9A19103F-16F7-4668-BE54-9A1E7A4F7556}") = "PopupActionEF.Win", "PopupActionEF.Win\PopupActionEF.Win.csproj", "{1233F107-F284-4164-939B-C5E91F4B66E3}"
EndProject
Project("{9A19103F-16F7-4668-BE54-9A1E7A4F7556}") = "PopupActionEF.Blazor.Server", "PopupActionEF.Blazor.Server\PopupActionEF.Blazor.Server.csproj", "{C2BE56CA-0AAF-4198-89F4-DB53B326FD24}"
EndProject
Global
	GlobalSection(SolutionConfigurationPlatforms) = preSolution
		Debug|Any CPU = Debug|Any CPU
		EasyTest|Any CPU = EasyTest|Any CPU
		Release|Any CPU = Release|Any CPU
	EndGlobalSection
	GlobalSection(ProjectConfigurationPlatforms) = postSolution
		{D6F40324-9E88-40D3-BE5D-FA4F64D03891}.Debug|Any CPU.ActiveCfg = Debug|Any CPU
		{D6F40324-9E88-40D3-BE5D-FA4F64D03891}.Debug|Any CPU.Build.0 = Debug|Any CPU
		{D6F40324-9E88-40D3-BE5D-FA4F64D03891}.EasyTest|Any CPU.ActiveCfg = EasyTest|Any CPU
		{D6F40324-9E88-40D3-BE5D-FA4F64D03891}.EasyTest|Any CPU.Build.0 = EasyTest|Any CPU
		{D6F40324-9E88-40D3-BE5D-FA4F64D03891}.Release|Any CPU.ActiveCfg = Release|Any CPU
		{D6F40324-9E88-40D3-BE5D-FA4F64D03891}.Release|Any CPU.Build.0 = Release|Any CPU
		{1233F107-F284-4164-939B-C5E91F4B66E3}.Debug|Any CPU.ActiveCfg = Debug|Any CPU
		{1233F107-F284-4164-939B-C5E91F4B66E3}.Debug|Any CPU.Build.0 = Debug|Any CPU
		{1233F107-F284-4164-939B-C5E91F4B66E3}.EasyTest|Any CPU.ActiveCfg = EasyTest|Any CPU
		{1233F107-F284-4164-939B-C5E91F4B66E3}.EasyTest|Any CPU.Build.0 = EasyTest|Any CPU
		{1233F107-F284-4164-939B-C5E91F4B66E3}.Release|Any CPU.ActiveCfg = Release|Any CPU
		{1233F107-F284-4164-939B-C5E91F4B66E3}.Release|Any CPU.Build.0 = Release|Any CPU
		{C2BE56CA-0AAF-4198-89F4-DB53B326FD24}.Debug|Any CPU.ActiveCfg = Debug|Any CPU
		{C2BE56CA-0AAF-4198-89F4-DB53B326FD24}.Debug|Any CPU.Build.0 = Debug|Any CPU
		{C2BE56CA-0AAF-4198-89F4-DB53B326FD24}.EasyTest|Any CPU.ActiveCfg = EasyTest|Any CPU
		{C2BE56CA-0AAF-4198-89F4-DB53B326FD24}.EasyTest|Any CPU.Build.0 = EasyTest|Any CPU
		{C2BE56CA-0AAF-4198-89F4-DB53B326FD24}.Release|Any CPU.ActiveCfg = Release|Any CPU
		{C2BE56CA-0AAF-4198-89F4-DB53B326FD24}.Release|Any CPU.Build.0 = Release|Any CPU
	EndGlobalSection
	GlobalSection(SolutionProperties) = preSolution
		HideSolutionNode = FALSE
	EndGlobalSection
EndGlobal
